<?xml version="1.0" encoding="utf-8"?>
<Project ToolsVersion="4.0" xmlns="http://schemas.microsoft.com/developer/msbuild/2003">
  <ItemGroup>
    <Filter Include="win32">
      <UniqueIdentifier>{84a8ebd7-7cf0-47f6-b75e-d441df67da40}</UniqueIdentifier>
    </Filter>
    <Filter Include="resource">
      <UniqueIdentifier>{715254bc-d70b-4ec5-bf29-467dd3ace079}</UniqueIdentifier>
    </Filter>
    <Filter Include="src">
      <UniqueIdentifier>{bb6c862e-70e9-49d9-81b7-3829a6f50471}</UniqueIdentifier>
    </Filter>
    <Filter Include="wheels">
      <UniqueIdentifier>{07e5034a-804a-4406-8e54-22e23b02d47c}</UniqueIdentifier>
    </Filter>
    <Filter Include="tests">
      <UniqueIdentifier>{f49a1382-03c9-42ac-bc2d-6ef977912933}</UniqueIdentifier>
    </Filter>
    <Filter Include="wheels\compatible">
      <UniqueIdentifier>{3acc471a-7d2e-4bd0-b073-e7f07bbe3f83}</UniqueIdentifier>
    </Filter>
    <Filter Include="wheels\network">
      <UniqueIdentifier>{a65eef4d-e6fd-44d6-b2ae-fb1706b696e8}</UniqueIdentifier>
    </Filter>
    <Filter Include="wheels\nodes">
      <UniqueIdentifier>{5a500869-6992-48f8-a021-68c56b96c5c4}</UniqueIdentifier>
    </Filter>
    <Filter Include="wheels\utilities">
      <UniqueIdentifier>{ffa8bd12-445b-4597-9bfa-0390bd76a25a}</UniqueIdentifier>
    </Filter>
    <Filter Include="wheels\widgets">
      <UniqueIdentifier>{fb18e09d-fe1a-4627-8abb-4aa9d4189c39}</UniqueIdentifier>
    </Filter>
  </ItemGroup>
  <ItemGroup>
    <ClCompile Include="main.cpp">
      <Filter>win32</Filter>
    </ClCompile>
    <ClCompile Include="..\Classes\AppDelegate.cpp">
      <Filter>src</Filter>
    </ClCompile>
    <ClCompile Include="..\Classes\TestCaseScene.cpp">
      <Filter>src</Filter>
    </ClCompile>
    <ClCompile Include="..\Classes\tests\ArrangeTest.cpp">
      <Filter>tests</Filter>
    </ClCompile>
    <ClCompile Include="..\Classes\tests\InConvexPolygonTest.cpp">
      <Filter>tests</Filter>
    </ClCompile>
    <ClCompile Include="..\Classes\tests\RichTextExTest.cpp">
      <Filter>tests</Filter>
    </ClCompile>
    <ClCompile Include="..\Classes\tests\TableViewTest.cpp">
      <Filter>tests</Filter>
    </ClCompile>
    <ClCompile Include="..\Classes\tests\FoldableTest.cpp">
      <Filter>tests</Filter>
    </ClCompile>
    <ClCompile Include="..\Classes\tests\CoordinateSystemTest.cpp">
      <Filter>tests</Filter>
    </ClCompile>
    <ClCompile Include="..\Classes\tests\RippleTest.cpp">
      <Filter>tests</Filter>
    </ClCompile>
    <ClCompile Include="..\Classes\tests\NotificationCenterTest.cpp">
      <Filter>tests</Filter>
    </ClCompile>
    <ClCompile Include="..\Classes\wheels\compatible\CWNotificationCenter.cpp">
      <Filter>wheels\compatible</Filter>
    </ClCompile>
    <ClCompile Include="..\Classes\wheels\network\ClientConnection.cpp">
      <Filter>wheels\network</Filter>
    </ClCompile>
    <ClCompile Include="..\Classes\wheels\network\CWSocketManager.cpp">
      <Filter>wheels\network</Filter>
    </ClCompile>
    <ClCompile Include="..\Classes\wheels\nodes\CWCoordinateSystem.cpp">
      <Filter>wheels\nodes</Filter>
    </ClCompile>
    <ClCompile Include="..\Classes\wheels\nodes\CWRippleSprite.cpp">
      <Filter>wheels\nodes</Filter>
    </ClCompile>
    <ClCompile Include="..\Classes\wheels\nodes\CWScrollBar.cpp">
      <Filter>wheels\nodes</Filter>
    </ClCompile>
    <ClCompile Include="..\Classes\wheels\utilities\CWGeometry.cpp">
      <Filter>wheels\utilities</Filter>
    </ClCompile>
    <ClCompile Include="..\Classes\wheels\utilities\CWUIUtility.cpp">
      <Filter>wheels\utilities</Filter>
    </ClCompile>
    <ClCompile Include="..\Classes\wheels\widgets\CWRichTextEx.cpp">
      <Filter>wheels\widgets</Filter>
    </ClCompile>
    <ClCompile Include="..\Classes\wheels\widgets\CWTableView.cpp">
      <Filter>wheels\widgets</Filter>
    </ClCompile>
  </ItemGroup>
  <ItemGroup>
    <ClInclude Include="main.h">
      <Filter>win32</Filter>
    </ClInclude>
    <ClInclude Include="..\Classes\AppDelegate.h">
      <Filter>src</Filter>
    </ClInclude>
    <ClInclude Include="..\Classes\TestCaseScene.h">
      <Filter>src</Filter>
    </ClInclude>
    <ClInclude Include="..\Classes\wheels\cocos2dx-wheels.h">
      <Filter>wheels</Filter>
    </ClInclude>
    <ClInclude Include="..\Classes\tests\ArrangeTest.h">
      <Filter>tests</Filter>
    </ClInclude>
    <ClInclude Include="..\Classes\tests\InConvexPolygonTest.h">
      <Filter>tests</Filter>
    </ClInclude>
    <ClInclude Include="..\Classes\tests\RichTextExTest.h">
      <Filter>tests</Filter>
    </ClInclude>
    <ClInclude Include="..\Classes\tests\TableViewTest.h">
      <Filter>tests</Filter>
    </ClInclude>
    <ClInclude Include="..\Classes\tests\FoldableTest.h">
      <Filter>tests</Filter>
    </ClInclude>
    <ClInclude Include="..\Classes\tests\CoordinateSystemTest.h">
      <Filter>tests</Filter>
    </ClInclude>
    <ClInclude Include="..\Classes\tests\RippleTest.h">
      <Filter>tests</Filter>
    </ClInclude>
    <ClInclude Include="..\Classes\tests\NotificationCenterTest.h">
      <Filter>tests</Filter>
    </ClInclude>
    <ClInclude Include="..\Classes\wheels\compatible\CWNotificationCenter.h">
      <Filter>wheels\compatible</Filter>
    </ClInclude>
    <ClInclude Include="..\Classes\wheels\compatible\CWCallFuncDelegate.h">
      <Filter>wheels\compatible</Filter>
    </ClInclude>
    <ClInclude Include="..\Classes\wheels\network\CircularIOBuffer.h">
      <Filter>wheels\network</Filter>
    </ClInclude>
    <ClInclude Include="..\Classes\wheels\network\ClientConnection.h">
      <Filter>wheels\network</Filter>
    </ClInclude>
    <ClInclude Include="..\Classes\wheels\network\CWSocketManager.h">
      <Filter>wheels\network</Filter>
    </ClInclude>
    <ClInclude Include="..\Classes\wheels\nodes\CWCoordinateSystem.h">
      <Filter>wheels\nodes</Filter>
    </ClInclude>
    <ClInclude Include="..\Classes\wheels\nodes\CWRippleSprite.h">
      <Filter>wheels\nodes</Filter>
    </ClInclude>
    <ClInclude Include="..\Classes\wheels\nodes\CWScrollBar.h">
      <Filter>wheels\nodes</Filter>
    </ClInclude>
    <ClInclude Include="..\Classes\wheels\utilities\CWDebugHelper.h">
      <Filter>wheels\utilities</Filter>
    </ClInclude>
    <ClInclude Include="..\Classes\wheels\utilities\CWGeometry.h">
      <Filter>wheels\utilities</Filter>
    </ClInclude>
    <ClInclude Include="..\Classes\wheels\utilities\CWLayoutFunctions.h">
      <Filter>wheels\utilities</Filter>
    </ClInclude>
    <ClInclude Include="..\Classes\wheels\utilities\CWMacros.h">
      <Filter>wheels\utilities</Filter>
    </ClInclude>
    <ClInclude Include="..\Classes\wheels\utilities\CWRefConverter.h">
      <Filter>wheels\utilities</Filter>
    </ClInclude>
    <ClInclude Include="..\Classes\wheels\utilities\CWRefWrap.h">
      <Filter>wheels\utilities</Filter>
    </ClInclude>
    <ClInclude Include="..\Classes\wheels\utilities\CWUIUtility.h">
      <Filter>wheels\utilities</Filter>
    </ClInclude>
    <ClInclude Include="..\Classes\wheels\utilities\CWVariableArgumentList.h">
      <Filter>wheels\utilities</Filter>
    </ClInclude>
    <ClInclude Include="..\Classes\wheels\utilities\stringfiy.h">
      <Filter>wheels\utilities</Filter>
    </ClInclude>
    <ClInclude Include="..\Classes\wheels\widgets\CWRichTextEx.h">
      <Filter>wheels\widgets</Filter>
    </ClInclude>
    <ClInclude Include="..\Classes\wheels\widgets\CWTableView.h">
      <Filter>wheels\widgets</Filter>
    </ClInclude>
  </ItemGroup>
  <ItemGroup>
    <ResourceCompile Include="game.rc">
      <Filter>resource</Filter>
    </ResourceCompile>
  </ItemGroup>
</Project>