<?xml version="1.0" encoding="utf-8"?>
<Project ToolsVersion="4.0" xmlns="http://schemas.microsoft.com/developer/msbuild/2003">
  <ItemGroup>
    <Filter Include="win32">
      <UniqueIdentifier>{84a8ebd7-7cf0-47f6-b75e-d441df67da40}</UniqueIdentifier>
    </Filter>
    <Filter Include="resource">
      <UniqueIdentifier>{715254bc-d70b-4ec5-bf29-467dd3ace079}</UniqueIdentifier>
    </Filter>
    <Filter Include="src">
      <UniqueIdentifier>{bb6c862e-70e9-49d9-81b7-3829a6f50471}</UniqueIdentifier>
    </Filter>
    <Filter Include="wheels">
      <UniqueIdentifier>{07e5034a-804a-4406-8e54-22e23b02d47c}</UniqueIdentifier>
    </Filter>
    <Filter Include="tests">
      <UniqueIdentifier>{f49a1382-03c9-42ac-bc2d-6ef977912933}</UniqueIdentifier>
    </Filter>
  </ItemGroup>
  <ItemGroup>
    <ClCompile Include="main.cpp">
      <Filter>win32</Filter>
    </ClCompile>
    <ClCompile Include="..\Classes\AppDelegate.cpp">
      <Filter>src</Filter>
    </ClCompile>
    <ClCompile Include="..\Classes\wheels\CWScrollBar.cpp">
      <Filter>wheels</Filter>
    </ClCompile>
    <ClCompile Include="..\Classes\wheels\CWRichTextEx.cpp">
      <Filter>wheels</Filter>
    </ClCompile>
    <ClCompile Include="..\Classes\wheels\CWTableView.cpp">
      <Filter>wheels</Filter>
    </ClCompile>
    <ClCompile Include="..\Classes\TestCaseScene.cpp">
      <Filter>src</Filter>
    </ClCompile>
    <ClCompile Include="..\Classes\wheels\cocos2dx-wheels.cpp">
      <Filter>wheels</Filter>
    </ClCompile>
    <ClCompile Include="..\Classes\wheels\CWGeometry.cpp">
      <Filter>wheels</Filter>
    </ClCompile>
    <ClCompile Include="..\Classes\tests\ArrangeTest.cpp">
      <Filter>tests</Filter>
    </ClCompile>
    <ClCompile Include="..\Classes\tests\InConvexPolygonTest.cpp">
      <Filter>tests</Filter>
    </ClCompile>
    <ClCompile Include="..\Classes\tests\RichTextExTest.cpp">
      <Filter>tests</Filter>
    </ClCompile>
    <ClCompile Include="..\Classes\tests\TableViewTest.cpp">
      <Filter>tests</Filter>
    </ClCompile>
    <ClCompile Include="..\Classes\tests\UnfoldAndFoldTest.cpp">
      <Filter>tests</Filter>
    </ClCompile>
  </ItemGroup>
  <ItemGroup>
    <ClInclude Include="main.h">
      <Filter>win32</Filter>
    </ClInclude>
    <ClInclude Include="..\Classes\AppDelegate.h">
      <Filter>src</Filter>
    </ClInclude>
    <ClInclude Include="..\Classes\wheels\CWScrollBar.h">
      <Filter>wheels</Filter>
    </ClInclude>
    <ClInclude Include="..\Classes\wheels\CWTableView.h">
      <Filter>wheels</Filter>
    </ClInclude>
    <ClInclude Include="..\Classes\wheels\CWRichTextEx.h">
      <Filter>wheels</Filter>
    </ClInclude>
    <ClInclude Include="..\Classes\TestCaseScene.h">
      <Filter>src</Filter>
    </ClInclude>
    <ClInclude Include="..\Classes\wheels\cocos2dx-wheels.h">
      <Filter>wheels</Filter>
    </ClInclude>
    <ClInclude Include="..\Classes\wheels\CWGeometry.h">
      <Filter>wheels</Filter>
    </ClInclude>
    <ClInclude Include="..\Classes\wheels\CWMacros.h">
      <Filter>wheels</Filter>
    </ClInclude>
    <ClInclude Include="..\Classes\tests\ArrangeTest.h">
      <Filter>tests</Filter>
    </ClInclude>
    <ClInclude Include="..\Classes\tests\InConvexPolygonTest.h">
      <Filter>tests</Filter>
    </ClInclude>
    <ClInclude Include="..\Classes\tests\RichTextExTest.h">
      <Filter>tests</Filter>
    </ClInclude>
    <ClInclude Include="..\Classes\tests\TableViewTest.h">
      <Filter>tests</Filter>
    </ClInclude>
    <ClInclude Include="..\Classes\tests\UnfoldAndFoldTest.h">
      <Filter>tests</Filter>
    </ClInclude>
  </ItemGroup>
  <ItemGroup>
    <ResourceCompile Include="game.rc">
      <Filter>resource</Filter>
    </ResourceCompile>
  </ItemGroup>
</Project>